
Microsoft Visual Studio Solution File, Format Version 12.00
# Visual Studio 15
VisualStudioVersion = 15.0.27130.2010
MinimumVisualStudioVersion = 10.0.40219.1
Project("{FAE04EC0-301F-11D3-BF4B-00C04F79EFBC}") = "InherritanceModule9.1", "InherritanceModule9.1\InherritanceModule9.1.csproj", "{D84E1A0B-8699-42C9-82B6-5B24BF3C2455}"
EndProject
Project("{FAE04EC0-301F-11D3-BF4B-00C04F79EFBC}") = "InherritanceModule9.1.2", "InherritanceModule9.1.2\InherritanceModule9.1.2.csproj", "{E9E7C46B-1466-4A23-BCC8-6CE8DC5D42ED}"
EndProject
Global
	GlobalSection(SolutionConfigurationPlatforms) = preSolution
		Debug|Any CPU = Debug|Any CPU
		Release|Any CPU = Release|Any CPU
	EndGlobalSection
	GlobalSection(ProjectConfigurationPlatforms) = postSolution
		{D84E1A0B-8699-42C9-82B6-5B24BF3C2455}.Debug|Any CPU.ActiveCfg = Debug|Any CPU
		{D84E1A0B-8699-42C9-82B6-5B24BF3C2455}.Debug|Any CPU.Build.0 = Debug|Any CPU
		{D84E1A0B-8699-42C9-82B6-5B24BF3C2455}.Release|Any CPU.ActiveCfg = Release|Any CPU
		{D84E1A0B-8699-42C9-82B6-5B24BF3C2455}.Release|Any CPU.Build.0 = Release|Any CPU
		{E9E7C46B-1466-4A23-BCC8-6CE8DC5D42ED}.Debug|Any CPU.ActiveCfg = Debug|Any CPU
		{E9E7C46B-1466-4A23-BCC8-6CE8DC5D42ED}.Debug|Any CPU.Build.0 = Debug|Any CPU
		{E9E7C46B-1466-4A23-BCC8-6CE8DC5D42ED}.Release|Any CPU.ActiveCfg = Release|Any CPU
		{E9E7C46B-1466-4A23-BCC8-6CE8DC5D42ED}.Release|Any CPU.Build.0 = Release|Any CPU
	EndGlobalSection
	GlobalSection(SolutionProperties) = preSolution
		HideSolutionNode = FALSE
	EndGlobalSection
	GlobalSection(ExtensibilityGlobals) = postSolution
		SolutionGuid = {CC9E3942-082E-401E-80BE-713BEECB3D4A}
	EndGlobalSection
EndGlobal
